{
  "originHash" : "6dc1a7229e9c1933a191a0b3b59704d98945498bc6069e9f2514f06d92b1d1a1",
  "pins" : [
    {
      "identity" : "nextlevelsessionexporter",
      "kind" : "remoteSourceControl",
      "location" : "https://github.com/NextLevel/NextLevelSessionExporter.git",
      "state" : {
        "revision" : "b6c0cce1aa37fe1547d694f958fac3c3524b74da",
        "version" : "0.4.6"
      }
    }
  ],
  "version" : 3
}
